// !$*UTF8*$!
{
	archiveVersion = 1;
	classes = {
	};
	objectVersion = 46;
	objects = {

/* Begin PBXBuildFile section */
		168FE3D615C17EC80046BEF3 /* UIKit.framework in Frameworks */ = {isa = PBXBuildFile; fileRef = 168FE3D515C17EC80046BEF3 /* UIKit.framework */; };
		168FE3D815C17EC80046BEF3 /* Foundation.framework in Frameworks */ = {isa = PBXBuildFile; fileRef = 168FE3D715C17EC80046BEF3 /* Foundation.framework */; };
		168FE3DA15C17EC80046BEF3 /* CoreGraphics.framework in Frameworks */ = {isa = PBXBuildFile; fileRef = 168FE3D915C17EC80046BEF3 /* CoreGraphics.framework */; };
		168FE3E015C17EC80046BEF3 /* InfoPlist.strings in Resources */ = {isa = PBXBuildFile; fileRef = 168FE3DE15C17EC80046BEF3 /* InfoPlist.strings */; };
		168FE3E215C17EC80046BEF3 /* main.m in Sources */ = {isa = PBXBuildFile; fileRef = 168FE3E115C17EC80046BEF3 /* main.m */; };
		168FE3E615C17EC80046BEF3 /* WAIAppDelegate.m in Sources */ = {isa = PBXBuildFile; fileRef = 168FE3E515C17EC80046BEF3 /* WAIAppDelegate.m */; };
		168FE3E915C17EC80046BEF3 /* WAIViewController.m in Sources */ = {isa = PBXBuildFile; fileRef = 168FE3E815C17EC80046BEF3 /* WAIViewController.m */; };
		168FE3EC15C17EC80046BEF3 /* WAIViewController_iPhone.xib in Resources */ = {isa = PBXBuildFile; fileRef = 168FE3EA15C17EC80046BEF3 /* WAIViewController_iPhone.xib */; };
		168FE3EF15C17EC80046BEF3 /* WAIViewController_iPad.xib in Resources */ = {isa = PBXBuildFile; fileRef = 168FE3ED15C17EC80046BEF3 /* WAIViewController_iPad.xib */; };
		168FE3F615C17F5B0046BEF3 /* CoreLocation.framework in Frameworks */ = {isa = PBXBuildFile; fileRef = 168FE3F515C17F5B0046BEF3 /* CoreLocation.framework */; };
		168FE3FC15C18CF50046BEF3 /* MapKit.framework in Frameworks */ = {isa = PBXBuildFile; fileRef = 168FE3FB15C18CF50046BEF3 /* MapKit.framework */; };
		168FE40015C194AC0046BEF3 /* WAIMapPoint.m in Sources */ = {isa = PBXBuildFile; fileRef = 168FE3FF15C194AC0046BEF3 /* WAIMapPoint.m */; };
/* End PBXBuildFile section */

/* Begin PBXFileReference section */
		168FE3D115C17EC80046BEF3 /* Whereami.app */ = {isa = PBXFileReference; explicitFileType = wrapper.application; includeInIndex = 0; path = Whereami.app; sourceTree = BUILT_PRODUCTS_DIR; };
		168FE3D515C17EC80046BEF3 /* UIKit.framework */ = {isa = PBXFileReference; lastKnownFileType = wrapper.framework; name = UIKit.framework; path = System/Library/Frameworks/UIKit.framework; sourceTree = SDKROOT; };
		168FE3D715C17EC80046BEF3 /* Foundation.framework */ = {isa = PBXFileReference; lastKnownFileType = wrapper.framework; name = Foundation.framework; path = System/Library/Frameworks/Foundation.framework; sourceTree = SDKROOT; };
		168FE3D915C17EC80046BEF3 /* CoreGraphics.framework */ = {isa = PBXFileReference; lastKnownFileType = wrapper.framework; name = CoreGraphics.framework; path = System/Library/Frameworks/CoreGraphics.framework; sourceTree = SDKROOT; };
		168FE3DD15C17EC80046BEF3 /* Whereami-Info.plist */ = {isa = PBXFileReference; lastKnownFileType = text.plist.xml; path = "Whereami-Info.plist"; sourceTree = "<group>"; };
		168FE3DF15C17EC80046BEF3 /* en */ = {isa = PBXFileReference; lastKnownFileType = text.plist.strings; name = en; path = en.lproj/InfoPlist.strings; sourceTree = "<group>"; };
		168FE3E115C17EC80046BEF3 /* main.m */ = {isa = PBXFileReference; lastKnownFileType = sourcecode.c.objc; path = main.m; sourceTree = "<group>"; };
		168FE3E315C17EC80046BEF3 /* Whereami-Prefix.pch */ = {isa = PBXFileReference; lastKnownFileType = sourcecode.c.h; path = "Whereami-Prefix.pch"; sourceTree = "<group>"; };
		168FE3E415C17EC80046BEF3 /* WAIAppDelegate.h */ = {isa = PBXFileReference; lastKnownFileType = sourcecode.c.h; path = WAIAppDelegate.h; sourceTree = "<group>"; };
		168FE3E515C17EC80046BEF3 /* WAIAppDelegate.m */ = {isa = PBXFileReference; lastKnownFileType = sourcecode.c.objc; path = WAIAppDelegate.m; sourceTree = "<group>"; };
		168FE3E715C17EC80046BEF3 /* WAIViewController.h */ = {isa = PBXFileReference; lastKnownFileType = sourcecode.c.h; path = WAIViewController.h; sourceTree = "<group>"; };
		168FE3E815C17EC80046BEF3 /* WAIViewController.m */ = {isa = PBXFileReference; lastKnownFileType = sourcecode.c.objc; path = WAIViewController.m; sourceTree = "<group>"; };
		168FE3EB15C17EC80046BEF3 /* en */ = {isa = PBXFileReference; lastKnownFileType = file.xib; name = en; path = en.lproj/WAIViewController_iPhone.xib; sourceTree = "<group>"; };
		168FE3EE15C17EC80046BEF3 /* en */ = {isa = PBXFileReference; lastKnownFileType = file.xib; name = en; path = en.lproj/WAIViewController_iPad.xib; sourceTree = "<group>"; };
		168FE3F515C17F5B0046BEF3 /* CoreLocation.framework */ = {isa = PBXFileReference; lastKnownFileType = wrapper.framework; name = CoreLocation.framework; path = System/Library/Frameworks/CoreLocation.framework; sourceTree = SDKROOT; };
		168FE3FB15C18CF50046BEF3 /* MapKit.framework */ = {isa = PBXFileReference; lastKnownFileType = wrapper.framework; name = MapKit.framework; path = System/Library/Frameworks/MapKit.framework; sourceTree = SDKROOT; };
		168FE3FE15C194AC0046BEF3 /* WAIMapPoint.h */ = {isa = PBXFileReference; fileEncoding = 4; lastKnownFileType = sourcecode.c.h; path = WAIMapPoint.h; sourceTree = "<group>"; };
		168FE3FF15C194AC0046BEF3 /* WAIMapPoint.m */ = {isa = PBXFileReference; fileEncoding = 4; lastKnownFileType = sourcecode.c.objc; path = WAIMapPoint.m; sourceTree = "<group>"; };
/* End PBXFileReference section */

/* Begin PBXFrameworksBuildPhase section */
		168FE3CE15C17EC80046BEF3 /* Frameworks */ = {
			isa = PBXFrameworksBuildPhase;
			buildActionMask = 2147483647;
			files = (
				168FE3FC15C18CF50046BEF3 /* MapKit.framework in Frameworks */,
				168FE3F615C17F5B0046BEF3 /* CoreLocation.framework in Frameworks */,
				168FE3D615C17EC80046BEF3 /* UIKit.framework in Frameworks */,
				168FE3D815C17EC80046BEF3 /* Foundation.framework in Frameworks */,
				168FE3DA15C17EC80046BEF3 /* CoreGraphics.framework in Frameworks */,
			);
			runOnlyForDeploymentPostprocessing = 0;
		};
/* End PBXFrameworksBuildPhase section */

/* Begin PBXGroup section */
		168FE3C615C17EC70046BEF3 = {
			isa = PBXGroup;
			children = (
				168FE3FB15C18CF50046BEF3 /* MapKit.framework */,
				168FE3DB15C17EC80046BEF3 /* Whereami */,
				168FE3D415C17EC80046BEF3 /* Frameworks */,
				168FE3D215C17EC80046BEF3 /* Products */,
			);
			sourceTree = "<group>";
		};
		168FE3D215C17EC80046BEF3 /* Products */ = {
			isa = PBXGroup;
			children = (
				168FE3D115C17EC80046BEF3 /* Whereami.app */,
			);
			name = Products;
			sourceTree = "<group>";
		};
		168FE3D415C17EC80046BEF3 /* Frameworks */ = {
			isa = PBXGroup;
			children = (
				168FE3F515C17F5B0046BEF3 /* CoreLocation.framework */,
				168FE3D515C17EC80046BEF3 /* UIKit.framework */,
				168FE3D715C17EC80046BEF3 /* Foundation.framework */,
				168FE3D915C17EC80046BEF3 /* CoreGraphics.framework */,
			);
			name = Frameworks;
			sourceTree = "<group>";
		};
		168FE3DB15C17EC80046BEF3 /* Whereami */ = {
			isa = PBXGroup;
			children = (
				168FE3E415C17EC80046BEF3 /* WAIAppDelegate.h */,
				168FE3E515C17EC80046BEF3 /* WAIAppDelegate.m */,
				168FE3E715C17EC80046BEF3 /* WAIViewController.h */,
				168FE3FE15C194AC0046BEF3 /* WAIMapPoint.h */,
				168FE3FF15C194AC0046BEF3 /* WAIMapPoint.m */,
				168FE3E815C17EC80046BEF3 /* WAIViewController.m */,
				168FE3EA15C17EC80046BEF3 /* WAIViewController_iPhone.xib */,
				168FE3ED15C17EC80046BEF3 /* WAIViewController_iPad.xib */,
				168FE3DC15C17EC80046BEF3 /* Supporting Files */,
			);
			path = Whereami;
			sourceTree = "<group>";
		};
		168FE3DC15C17EC80046BEF3 /* Supporting Files */ = {
			isa = PBXGroup;
			children = (
				168FE3DD15C17EC80046BEF3 /* Whereami-Info.plist */,
				168FE3DE15C17EC80046BEF3 /* InfoPlist.strings */,
				168FE3E115C17EC80046BEF3 /* main.m */,
				168FE3E315C17EC80046BEF3 /* Whereami-Prefix.pch */,
			);
			name = "Supporting Files";
			sourceTree = "<group>";
		};
/* End PBXGroup section */

/* Begin PBXNativeTarget section */
		168FE3D015C17EC80046BEF3 /* Whereami */ = {
			isa = PBXNativeTarget;
			buildConfigurationList = 168FE3F215C17EC80046BEF3 /* Build configuration list for PBXNativeTarget "Whereami" */;
			buildPhases = (
				168FE3CD15C17EC80046BEF3 /* Sources */,
				168FE3CE15C17EC80046BEF3 /* Frameworks */,
				168FE3CF15C17EC80046BEF3 /* Resources */,
			);
			buildRules = (
			);
			dependencies = (
			);
			name = Whereami;
			productName = Whereami;
			productReference = 168FE3D115C17EC80046BEF3 /* Whereami.app */;
			productType = "com.apple.product-type.application";
		};
/* End PBXNativeTarget section */

/* Begin PBXProject section */
		168FE3C815C17EC70046BEF3 /* Project object */ = {
			isa = PBXProject;
			attributes = {
				CLASSPREFIX = WAI;
				LastUpgradeCheck = 0430;
			};
			buildConfigurationList = 168FE3CB15C17EC70046BEF3 /* Build configuration list for PBXProject "Whereami" */;
			compatibilityVersion = "Xcode 3.2";
			developmentRegion = English;
			hasScannedForEncodings = 0;
			knownRegions = (
				en,
			);
			mainGroup = 168FE3C615C17EC70046BEF3;
			productRefGroup = 168FE3D215C17EC80046BEF3 /* Products */;
			projectDirPath = "";
			projectRoot = "";
			targets = (
				168FE3D015C17EC80046BEF3 /* Whereami */,
			);
		};
/* End PBXProject section */

/* Begin PBXResourcesBuildPhase section */
		168FE3CF15C17EC80046BEF3 /* Resources */ = {
			isa = PBXResourcesBuildPhase;
			buildActionMask = 2147483647;
			files = (
				168FE3E015C17EC80046BEF3 /* InfoPlist.strings in Resources */,
				168FE3EC15C17EC80046BEF3 /* WAIViewController_iPhone.xib in Resources */,
				168FE3EF15C17EC80046BEF3 /* WAIViewController_iPad.xib in Resources */,
			);
			runOnlyForDeploymentPostprocessing = 0;
		};
/* End PBXResourcesBuildPhase section */

/* Begin PBXSourcesBuildPhase section */
		168FE3CD15C17EC80046BEF3 /* Sources */ = {
			isa = PBXSourcesBuildPhase;
			buildActionMask = 2147483647;
			files = (
				168FE3E215C17EC80046BEF3 /* main.m in Sources */,
				168FE3E615C17EC80046BEF3 /* WAIAppDelegate.m in Sources */,
				168FE3E915C17EC80046BEF3 /* WAIViewController.m in Sources */,
				168FE40015C194AC0046BEF3 /* WAIMapPoint.m in Sources */,
			);
			runOnlyForDeploymentPostprocessing = 0;
		};
/* End PBXSourcesBuildPhase section */

/* Begin PBXVariantGroup section */
		168FE3DE15C17EC80046BEF3 /* InfoPlist.strings */ = {
			isa = PBXVariantGroup;
			children = (
				168FE3DF15C17EC80046BEF3 /* en */,
			);
			name = InfoPlist.strings;
			sourceTree = "<group>";
		};
		168FE3EA15C17EC80046BEF3 /* WAIViewController_iPhone.xib */ = {
			isa = PBXVariantGroup;
			children = (
				168FE3EB15C17EC80046BEF3 /* en */,
			);
			name = WAIViewController_iPhone.xib;
			sourceTree = "<group>";
		};
		168FE3ED15C17EC80046BEF3 /* WAIViewController_iPad.xib */ = {
			isa = PBXVariantGroup;
			children = (
				168FE3EE15C17EC80046BEF3 /* en */,
			);
			name = WAIViewController_iPad.xib;
			sourceTree = "<group>";
		};
/* End PBXVariantGroup section */

/* Begin XCBuildConfiguration section */
		168FE3F015C17EC80046BEF3 /* Debug */ = {
			isa = XCBuildConfiguration;
			buildSettings = {
				ALWAYS_SEARCH_USER_PATHS = NO;
				ARCHS = "$(ARCHS_STANDARD_32_BIT)";
				CLANG_ENABLE_OBJC_ARC = YES;
				"CODE_SIGN_IDENTITY[sdk=iphoneos*]" = "iPhone Developer";
				COPY_PHASE_STRIP = NO;
				GCC_C_LANGUAGE_STANDARD = gnu99;
				GCC_DYNAMIC_NO_PIC = NO;
				GCC_OPTIMIZATION_LEVEL = 0;
				GCC_PREPROCESSOR_DEFINITIONS = (
					"DEBUG=1",
					"$(inherited)",
				);
				GCC_SYMBOLS_PRIVATE_EXTERN = NO;
				GCC_VERSION = com.apple.compilers.llvm.clang.1_0;
				GCC_WARN_ABOUT_RETURN_TYPE = YES;
				GCC_WARN_UNINITIALIZED_AUTOS = YES;
				GCC_WARN_UNUSED_VARIABLE = YES;
				IPHONEOS_DEPLOYMENT_TARGET = 5.1;
				SDKROOT = iphoneos;
				TARGETED_DEVICE_FAMILY = "1,2";
			};
			name = Debug;
		};
		168FE3F115C17EC80046BEF3 /* Release */ = {
			isa = XCBuildConfiguration;
			buildSettings = {
				ALWAYS_SEARCH_USER_PATHS = NO;
				ARCHS = "$(ARCHS_STANDARD_32_BIT)";
				CLANG_ENABLE_OBJC_ARC = YES;
				"CODE_SIGN_IDENTITY[sdk=iphoneos*]" = "iPhone Developer";
				COPY_PHASE_STRIP = YES;
				GCC_C_LANGUAGE_STANDARD = gnu99;
				GCC_VERSION = com.apple.compilers.llvm.clang.1_0;
				GCC_WARN_ABOUT_RETURN_TYPE = YES;
				GCC_WARN_UNINITIALIZED_AUTOS = YES;
				GCC_WARN_UNUSED_VARIABLE = YES;
				IPHONEOS_DEPLOYMENT_TARGET = 5.1;
				OTHER_CFLAGS = "-DNS_BLOCK_ASSERTIONS=1";
				SDKROOT = iphoneos;
				TARGETED_DEVICE_FAMILY = "1,2";
				VALIDATE_PRODUCT = YES;
			};
			name = Release;
		};
		168FE3F315C17EC80046BEF3 /* Debug */ = {
			isa = XCBuildConfiguration;
			buildSettings = {
				GCC_PRECOMPILE_PREFIX_HEADER = YES;
				GCC_PREFIX_HEADER = "Whereami/Whereami-Prefix.pch";
				INFOPLIST_FILE = "Whereami/Whereami-Info.plist";
				PRODUCT_NAME = "$(TARGET_NAME)";
				WRAPPER_EXTENSION = app;
			};
			name = Debug;
		};
		168FE3F415C17EC80046BEF3 /* Release */ = {
			isa = XCBuildConfiguration;
			buildSettings = {
				GCC_PRECOMPILE_PREFIX_HEADER = YES;
				GCC_PREFIX_HEADER = "Whereami/Whereami-Prefix.pch";
				INFOPLIST_FILE = "Whereami/Whereami-Info.plist";
				PRODUCT_NAME = "$(TARGET_NAME)";
				WRAPPER_EXTENSION = app;
			};
			name = Release;
		};
/* End XCBuildConfiguration section */

/* Begin XCConfigurationList section */
		168FE3CB15C17EC70046BEF3 /* Build configuration list for PBXProject "Whereami" */ = {
			isa = XCConfigurationList;
			buildConfigurations = (
				168FE3F015C17EC80046BEF3 /* Debug */,
				168FE3F115C17EC80046BEF3 /* Release */,
			);
			defaultConfigurationIsVisible = 0;
			defaultConfigurationName = Release;
		};
		168FE3F215C17EC80046BEF3 /* Build configuration list for PBXNativeTarget "Whereami" */ = {
			isa = XCConfigurationList;
			buildConfigurations = (
				168FE3F315C17EC80046BEF3 /* Debug */,
				168FE3F415C17EC80046BEF3 /* Release */,
			);
			defaultConfigurationIsVisible = 0;
			defaultConfigurationName = Release;
		};
/* End XCConfigurationList section */
	};
	rootObject = 168FE3C815C17EC70046BEF3 /* Project object */;
}
