// !$*UTF8*$!
{
	archiveVersion = 1;
	classes = {
	};
	objectVersion = 46;
	objects = {

/* Begin PBXBuildFile section */
		161E9B03184CCCBE008314CD /* GentleKare.xcdatamodeld in Sources */ = {isa = PBXBuildFile; fileRef = 161E9B01184CCCBE008314CD /* GentleKare.xcdatamodeld */; };
		16632751184CC55900048D7E /* Foundation.framework in Frameworks */ = {isa = PBXBuildFile; fileRef = 16632750184CC55900048D7E /* Foundation.framework */; };
		16632753184CC55900048D7E /* CoreGraphics.framework in Frameworks */ = {isa = PBXBuildFile; fileRef = 16632752184CC55900048D7E /* CoreGraphics.framework */; };
		16632755184CC55900048D7E /* UIKit.framework in Frameworks */ = {isa = PBXBuildFile; fileRef = 16632754184CC55900048D7E /* UIKit.framework */; };
		1663275B184CC55A00048D7E /* InfoPlist.strings in Resources */ = {isa = PBXBuildFile; fileRef = 16632759184CC55A00048D7E /* InfoPlist.strings */; };
		1663275D184CC55A00048D7E /* main.m in Sources */ = {isa = PBXBuildFile; fileRef = 1663275C184CC55A00048D7E /* main.m */; };
		16632761184CC55A00048D7E /* GKAppDelegate.m in Sources */ = {isa = PBXBuildFile; fileRef = 16632760184CC55A00048D7E /* GKAppDelegate.m */; };
		16632763184CC55A00048D7E /* Images.xcassets in Resources */ = {isa = PBXBuildFile; fileRef = 16632762184CC55A00048D7E /* Images.xcassets */; };
		1663276A184CC55A00048D7E /* XCTest.framework in Frameworks */ = {isa = PBXBuildFile; fileRef = 16632769184CC55A00048D7E /* XCTest.framework */; };
		1663276B184CC55A00048D7E /* Foundation.framework in Frameworks */ = {isa = PBXBuildFile; fileRef = 16632750184CC55900048D7E /* Foundation.framework */; };
		1663276C184CC55A00048D7E /* UIKit.framework in Frameworks */ = {isa = PBXBuildFile; fileRef = 16632754184CC55900048D7E /* UIKit.framework */; };
		16632774184CC55A00048D7E /* InfoPlist.strings in Resources */ = {isa = PBXBuildFile; fileRef = 16632772184CC55A00048D7E /* InfoPlist.strings */; };
		16632776184CC55A00048D7E /* GentleKareTests.m in Sources */ = {isa = PBXBuildFile; fileRef = 16632775184CC55A00048D7E /* GentleKareTests.m */; };
		1663278C184CC71000048D7E /* GKActionStartViewController.m in Sources */ = {isa = PBXBuildFile; fileRef = 16632789184CC71000048D7E /* GKActionStartViewController.m */; };
		1663278D184CC71000048D7E /* GKOverallViewController.m in Sources */ = {isa = PBXBuildFile; fileRef = 1663278B184CC71000048D7E /* GKOverallViewController.m */; };
		16632791184CC72700048D7E /* GKBabySitter.m in Sources */ = {isa = PBXBuildFile; fileRef = 16632790184CC72700048D7E /* GKBabySitter.m */; };
		16632793184CC7A300048D7E /* CoreData.framework in Frameworks */ = {isa = PBXBuildFile; fileRef = 16632792184CC7A300048D7E /* CoreData.framework */; };
		16632795184CC7D600048D7E /* MainStoryboard.storyboard in Resources */ = {isa = PBXBuildFile; fileRef = 16632794184CC7D600048D7E /* MainStoryboard.storyboard */; };
		1678733E184DFBF500967E7D /* GKHistoryViewController.m in Sources */ = {isa = PBXBuildFile; fileRef = 1678733D184DFBF500967E7D /* GKHistoryViewController.m */; };
		16787342184DFF4800967E7D /* GKUtil.m in Sources */ = {isa = PBXBuildFile; fileRef = 16787341184DFF4800967E7D /* GKUtil.m */; };
		16787346184E300D00967E7D /* bottle.png in Resources */ = {isa = PBXBuildFile; fileRef = 16787344184E300D00967E7D /* bottle.png */; };
		16787347184E300D00967E7D /* play.png in Resources */ = {isa = PBXBuildFile; fileRef = 16787345184E300D00967E7D /* play.png */; };
		16787349184E31C700967E7D /* sleep.png in Resources */ = {isa = PBXBuildFile; fileRef = 16787348184E31C700967E7D /* sleep.png */; };
		1678734B184E33A300967E7D /* poo.png in Resources */ = {isa = PBXBuildFile; fileRef = 1678734A184E33A300967E7D /* poo.png */; };
		1678734D184E379E00967E7D /* home.png in Resources */ = {isa = PBXBuildFile; fileRef = 1678734C184E379E00967E7D /* home.png */; };
		1678734F184E37FD00967E7D /* history.png in Resources */ = {isa = PBXBuildFile; fileRef = 1678734E184E37FD00967E7D /* history.png */; };
		16AA3E50184CCB0600740CFC /* GKBabyRepo.m in Sources */ = {isa = PBXBuildFile; fileRef = 16AA3E4F184CCB0600740CFC /* GKBabyRepo.m */; };
		16EE013E184CDA1C00923E59 /* GKActionEndViewController.m in Sources */ = {isa = PBXBuildFile; fileRef = 16EE013D184CDA1C00923E59 /* GKActionEndViewController.m */; };
		16EE0144184CDB8500923E59 /* GKAction.m in Sources */ = {isa = PBXBuildFile; fileRef = 16EE0143184CDB8500923E59 /* GKAction.m */; };
		16EE0147184CDB8500923E59 /* GKBaby.m in Sources */ = {isa = PBXBuildFile; fileRef = 16EE0146184CDB8500923E59 /* GKBaby.m */; };
/* End PBXBuildFile section */

/* Begin PBXContainerItemProxy section */
		1663276D184CC55A00048D7E /* PBXContainerItemProxy */ = {
			isa = PBXContainerItemProxy;
			containerPortal = 16632745184CC55900048D7E /* Project object */;
			proxyType = 1;
			remoteGlobalIDString = 1663274C184CC55900048D7E;
			remoteInfo = GentleKare;
		};
/* End PBXContainerItemProxy section */

/* Begin PBXFileReference section */
		161E9B02184CCCBE008314CD /* GentleKare.xcdatamodel */ = {isa = PBXFileReference; lastKnownFileType = wrapper.xcdatamodel; path = GentleKare.xcdatamodel; sourceTree = "<group>"; };
		1663274D184CC55900048D7E /* GentleKare.app */ = {isa = PBXFileReference; explicitFileType = wrapper.application; includeInIndex = 0; path = GentleKare.app; sourceTree = BUILT_PRODUCTS_DIR; };
		16632750184CC55900048D7E /* Foundation.framework */ = {isa = PBXFileReference; lastKnownFileType = wrapper.framework; name = Foundation.framework; path = System/Library/Frameworks/Foundation.framework; sourceTree = SDKROOT; };
		16632752184CC55900048D7E /* CoreGraphics.framework */ = {isa = PBXFileReference; lastKnownFileType = wrapper.framework; name = CoreGraphics.framework; path = System/Library/Frameworks/CoreGraphics.framework; sourceTree = SDKROOT; };
		16632754184CC55900048D7E /* UIKit.framework */ = {isa = PBXFileReference; lastKnownFileType = wrapper.framework; name = UIKit.framework; path = System/Library/Frameworks/UIKit.framework; sourceTree = SDKROOT; };
		16632758184CC55A00048D7E /* GentleKare-Info.plist */ = {isa = PBXFileReference; lastKnownFileType = text.plist.xml; path = "GentleKare-Info.plist"; sourceTree = "<group>"; };
		1663275A184CC55A00048D7E /* en */ = {isa = PBXFileReference; lastKnownFileType = text.plist.strings; name = en; path = en.lproj/InfoPlist.strings; sourceTree = "<group>"; };
		1663275C184CC55A00048D7E /* main.m */ = {isa = PBXFileReference; lastKnownFileType = sourcecode.c.objc; path = main.m; sourceTree = "<group>"; };
		1663275E184CC55A00048D7E /* GentleKare-Prefix.pch */ = {isa = PBXFileReference; lastKnownFileType = sourcecode.c.h; path = "GentleKare-Prefix.pch"; sourceTree = "<group>"; };
		1663275F184CC55A00048D7E /* GKAppDelegate.h */ = {isa = PBXFileReference; lastKnownFileType = sourcecode.c.h; path = GKAppDelegate.h; sourceTree = "<group>"; };
		16632760184CC55A00048D7E /* GKAppDelegate.m */ = {isa = PBXFileReference; lastKnownFileType = sourcecode.c.objc; path = GKAppDelegate.m; sourceTree = "<group>"; };
		16632762184CC55A00048D7E /* Images.xcassets */ = {isa = PBXFileReference; lastKnownFileType = folder.assetcatalog; path = Images.xcassets; sourceTree = "<group>"; };
		16632768184CC55A00048D7E /* GentleKareTests.xctest */ = {isa = PBXFileReference; explicitFileType = wrapper.cfbundle; includeInIndex = 0; path = GentleKareTests.xctest; sourceTree = BUILT_PRODUCTS_DIR; };
		16632769184CC55A00048D7E /* XCTest.framework */ = {isa = PBXFileReference; lastKnownFileType = wrapper.framework; name = XCTest.framework; path = Library/Frameworks/XCTest.framework; sourceTree = DEVELOPER_DIR; };
		16632771184CC55A00048D7E /* GentleKareTests-Info.plist */ = {isa = PBXFileReference; lastKnownFileType = text.plist.xml; path = "GentleKareTests-Info.plist"; sourceTree = "<group>"; };
		16632773184CC55A00048D7E /* en */ = {isa = PBXFileReference; lastKnownFileType = text.plist.strings; name = en; path = en.lproj/InfoPlist.strings; sourceTree = "<group>"; };
		16632775184CC55A00048D7E /* GentleKareTests.m */ = {isa = PBXFileReference; lastKnownFileType = sourcecode.c.objc; path = GentleKareTests.m; sourceTree = "<group>"; };
		16632788184CC71000048D7E /* GKActionStartViewController.h */ = {isa = PBXFileReference; fileEncoding = 4; lastKnownFileType = sourcecode.c.h; path = GKActionStartViewController.h; sourceTree = "<group>"; };
		16632789184CC71000048D7E /* GKActionStartViewController.m */ = {isa = PBXFileReference; fileEncoding = 4; lastKnownFileType = sourcecode.c.objc; path = GKActionStartViewController.m; sourceTree = "<group>"; };
		1663278A184CC71000048D7E /* GKOverallViewController.h */ = {isa = PBXFileReference; fileEncoding = 4; lastKnownFileType = sourcecode.c.h; path = GKOverallViewController.h; sourceTree = "<group>"; };
		1663278B184CC71000048D7E /* GKOverallViewController.m */ = {isa = PBXFileReference; fileEncoding = 4; lastKnownFileType = sourcecode.c.objc; path = GKOverallViewController.m; sourceTree = "<group>"; };
		1663278E184CC71900048D7E /* GKType.h */ = {isa = PBXFileReference; fileEncoding = 4; lastKnownFileType = sourcecode.c.h; path = GKType.h; sourceTree = "<group>"; };
		1663278F184CC72700048D7E /* GKBabySitter.h */ = {isa = PBXFileReference; fileEncoding = 4; lastKnownFileType = sourcecode.c.h; path = GKBabySitter.h; sourceTree = "<group>"; };
		16632790184CC72700048D7E /* GKBabySitter.m */ = {isa = PBXFileReference; fileEncoding = 4; lastKnownFileType = sourcecode.c.objc; path = GKBabySitter.m; sourceTree = "<group>"; };
		16632792184CC7A300048D7E /* CoreData.framework */ = {isa = PBXFileReference; lastKnownFileType = wrapper.framework; name = CoreData.framework; path = System/Library/Frameworks/CoreData.framework; sourceTree = SDKROOT; };
		16632794184CC7D600048D7E /* MainStoryboard.storyboard */ = {isa = PBXFileReference; fileEncoding = 4; lastKnownFileType = file.storyboard; path = MainStoryboard.storyboard; sourceTree = "<group>"; };
		1678733C184DFBF500967E7D /* GKHistoryViewController.h */ = {isa = PBXFileReference; fileEncoding = 4; lastKnownFileType = sourcecode.c.h; path = GKHistoryViewController.h; sourceTree = "<group>"; };
		1678733D184DFBF500967E7D /* GKHistoryViewController.m */ = {isa = PBXFileReference; fileEncoding = 4; lastKnownFileType = sourcecode.c.objc; path = GKHistoryViewController.m; sourceTree = "<group>"; };
		16787340184DFF4700967E7D /* GKUtil.h */ = {isa = PBXFileReference; fileEncoding = 4; lastKnownFileType = sourcecode.c.h; path = GKUtil.h; sourceTree = "<group>"; };
		16787341184DFF4800967E7D /* GKUtil.m */ = {isa = PBXFileReference; fileEncoding = 4; lastKnownFileType = sourcecode.c.objc; path = GKUtil.m; sourceTree = "<group>"; };
		16787344184E300D00967E7D /* bottle.png */ = {isa = PBXFileReference; lastKnownFileType = image.png; path = bottle.png; sourceTree = "<group>"; };
		16787345184E300D00967E7D /* play.png */ = {isa = PBXFileReference; lastKnownFileType = image.png; path = play.png; sourceTree = "<group>"; };
		16787348184E31C700967E7D /* sleep.png */ = {isa = PBXFileReference; lastKnownFileType = image.png; path = sleep.png; sourceTree = "<group>"; };
		1678734A184E33A300967E7D /* poo.png */ = {isa = PBXFileReference; lastKnownFileType = image.png; path = poo.png; sourceTree = "<group>"; };
		1678734C184E379E00967E7D /* home.png */ = {isa = PBXFileReference; lastKnownFileType = image.png; path = home.png; sourceTree = "<group>"; };
		1678734E184E37FD00967E7D /* history.png */ = {isa = PBXFileReference; lastKnownFileType = image.png; path = history.png; sourceTree = "<group>"; };
		16AA3E4E184CCB0600740CFC /* GKBabyRepo.h */ = {isa = PBXFileReference; fileEncoding = 4; lastKnownFileType = sourcecode.c.h; path = GKBabyRepo.h; sourceTree = "<group>"; };
		16AA3E4F184CCB0600740CFC /* GKBabyRepo.m */ = {isa = PBXFileReference; fileEncoding = 4; lastKnownFileType = sourcecode.c.objc; path = GKBabyRepo.m; sourceTree = "<group>"; };
		16EE013C184CDA1C00923E59 /* GKActionEndViewController.h */ = {isa = PBXFileReference; fileEncoding = 4; lastKnownFileType = sourcecode.c.h; path = GKActionEndViewController.h; sourceTree = "<group>"; };
		16EE013D184CDA1C00923E59 /* GKActionEndViewController.m */ = {isa = PBXFileReference; fileEncoding = 4; lastKnownFileType = sourcecode.c.objc; path = GKActionEndViewController.m; sourceTree = "<group>"; };
		16EE0142184CDB8500923E59 /* GKAction.h */ = {isa = PBXFileReference; fileEncoding = 4; lastKnownFileType = sourcecode.c.h; path = GKAction.h; sourceTree = "<group>"; };
		16EE0143184CDB8500923E59 /* GKAction.m */ = {isa = PBXFileReference; fileEncoding = 4; lastKnownFileType = sourcecode.c.objc; path = GKAction.m; sourceTree = "<group>"; };
		16EE0145184CDB8500923E59 /* GKBaby.h */ = {isa = PBXFileReference; fileEncoding = 4; lastKnownFileType = sourcecode.c.h; path = GKBaby.h; sourceTree = "<group>"; };
		16EE0146184CDB8500923E59 /* GKBaby.m */ = {isa = PBXFileReference; fileEncoding = 4; lastKnownFileType = sourcecode.c.objc; path = GKBaby.m; sourceTree = "<group>"; };
		16EE0148184CE75000923E59 /* GKActionConfirmDelete.h */ = {isa = PBXFileReference; lastKnownFileType = sourcecode.c.h; path = GKActionConfirmDelete.h; sourceTree = "<group>"; };
/* End PBXFileReference section */

/* Begin PBXFrameworksBuildPhase section */
		1663274A184CC55900048D7E /* Frameworks */ = {
			isa = PBXFrameworksBuildPhase;
			buildActionMask = 2147483647;
			files = (
				16632793184CC7A300048D7E /* CoreData.framework in Frameworks */,
				16632753184CC55900048D7E /* CoreGraphics.framework in Frameworks */,
				16632755184CC55900048D7E /* UIKit.framework in Frameworks */,
				16632751184CC55900048D7E /* Foundation.framework in Frameworks */,
			);
			runOnlyForDeploymentPostprocessing = 0;
		};
		16632765184CC55A00048D7E /* Frameworks */ = {
			isa = PBXFrameworksBuildPhase;
			buildActionMask = 2147483647;
			files = (
				1663276A184CC55A00048D7E /* XCTest.framework in Frameworks */,
				1663276C184CC55A00048D7E /* UIKit.framework in Frameworks */,
				1663276B184CC55A00048D7E /* Foundation.framework in Frameworks */,
			);
			runOnlyForDeploymentPostprocessing = 0;
		};
/* End PBXFrameworksBuildPhase section */

/* Begin PBXGroup section */
		16632744184CC55900048D7E = {
			isa = PBXGroup;
			children = (
				16632756184CC55A00048D7E /* GentleKare */,
				1663276F184CC55A00048D7E /* GentleKareTests */,
				1663274F184CC55900048D7E /* Frameworks */,
				1663274E184CC55900048D7E /* Products */,
			);
			sourceTree = "<group>";
		};
		1663274E184CC55900048D7E /* Products */ = {
			isa = PBXGroup;
			children = (
				1663274D184CC55900048D7E /* GentleKare.app */,
				16632768184CC55A00048D7E /* GentleKareTests.xctest */,
			);
			name = Products;
			sourceTree = "<group>";
		};
		1663274F184CC55900048D7E /* Frameworks */ = {
			isa = PBXGroup;
			children = (
				16632792184CC7A300048D7E /* CoreData.framework */,
				16632750184CC55900048D7E /* Foundation.framework */,
				16632752184CC55900048D7E /* CoreGraphics.framework */,
				16632754184CC55900048D7E /* UIKit.framework */,
				16632769184CC55A00048D7E /* XCTest.framework */,
			);
			name = Frameworks;
			sourceTree = "<group>";
		};
		16632756184CC55A00048D7E /* GentleKare */ = {
			isa = PBXGroup;
			children = (
				16787343184E1C8200967E7D /* Images */,
				1678733F184DFF2B00967E7D /* Util */,
				16AA3E4D184CCAEE00740CFC /* DataAccess */,
				16632781184CC6D700048D7E /* Model */,
				16632780184CC6D000048D7E /* UI */,
				1663277F184CC5EF00048D7E /* Service */,
				1663275F184CC55A00048D7E /* GKAppDelegate.h */,
				16632760184CC55A00048D7E /* GKAppDelegate.m */,
				16632762184CC55A00048D7E /* Images.xcassets */,
				16632757184CC55A00048D7E /* Supporting Files */,
			);
			path = GentleKare;
			sourceTree = "<group>";
		};
		16632757184CC55A00048D7E /* Supporting Files */ = {
			isa = PBXGroup;
			children = (
				16632758184CC55A00048D7E /* GentleKare-Info.plist */,
				16632759184CC55A00048D7E /* InfoPlist.strings */,
				1663275C184CC55A00048D7E /* main.m */,
				1663275E184CC55A00048D7E /* GentleKare-Prefix.pch */,
			);
			name = "Supporting Files";
			sourceTree = "<group>";
		};
		1663276F184CC55A00048D7E /* GentleKareTests */ = {
			isa = PBXGroup;
			children = (
				16632775184CC55A00048D7E /* GentleKareTests.m */,
				16632770184CC55A00048D7E /* Supporting Files */,
			);
			path = GentleKareTests;
			sourceTree = "<group>";
		};
		16632770184CC55A00048D7E /* Supporting Files */ = {
			isa = PBXGroup;
			children = (
				16632771184CC55A00048D7E /* GentleKareTests-Info.plist */,
				16632772184CC55A00048D7E /* InfoPlist.strings */,
			);
			name = "Supporting Files";
			sourceTree = "<group>";
		};
		1663277F184CC5EF00048D7E /* Service */ = {
			isa = PBXGroup;
			children = (
				1663278F184CC72700048D7E /* GKBabySitter.h */,
				16632790184CC72700048D7E /* GKBabySitter.m */,
			);
			name = Service;
			sourceTree = "<group>";
		};
		16632780184CC6D000048D7E /* UI */ = {
			isa = PBXGroup;
			children = (
				16632794184CC7D600048D7E /* MainStoryboard.storyboard */,
				16632788184CC71000048D7E /* GKActionStartViewController.h */,
				16632789184CC71000048D7E /* GKActionStartViewController.m */,
				1663278A184CC71000048D7E /* GKOverallViewController.h */,
				1663278B184CC71000048D7E /* GKOverallViewController.m */,
				16EE013C184CDA1C00923E59 /* GKActionEndViewController.h */,
				16EE013D184CDA1C00923E59 /* GKActionEndViewController.m */,
				16EE0148184CE75000923E59 /* GKActionConfirmDelete.h */,
				1678733C184DFBF500967E7D /* GKHistoryViewController.h */,
				1678733D184DFBF500967E7D /* GKHistoryViewController.m */,
			);
			name = UI;
			sourceTree = "<group>";
		};
		16632781184CC6D700048D7E /* Model */ = {
			isa = PBXGroup;
			children = (
				161E9B01184CCCBE008314CD /* GentleKare.xcdatamodeld */,
				1663278E184CC71900048D7E /* GKType.h */,
				16EE0142184CDB8500923E59 /* GKAction.h */,
				16EE0143184CDB8500923E59 /* GKAction.m */,
				16EE0145184CDB8500923E59 /* GKBaby.h */,
				16EE0146184CDB8500923E59 /* GKBaby.m */,
			);
			name = Model;
			sourceTree = "<group>";
		};
		1678733F184DFF2B00967E7D /* Util */ = {
			isa = PBXGroup;
			children = (
				16787340184DFF4700967E7D /* GKUtil.h */,
				16787341184DFF4800967E7D /* GKUtil.m */,
			);
			name = Util;
			sourceTree = "<group>";
		};
		16787343184E1C8200967E7D /* Images */ = {
			isa = PBXGroup;
			children = (
				1678734E184E37FD00967E7D /* history.png */,
				1678734C184E379E00967E7D /* home.png */,
				1678734A184E33A300967E7D /* poo.png */,
				16787348184E31C700967E7D /* sleep.png */,
				16787344184E300D00967E7D /* bottle.png */,
				16787345184E300D00967E7D /* play.png */,
			);
			name = Images;
			sourceTree = "<group>";
		};
		16AA3E4D184CCAEE00740CFC /* DataAccess */ = {
			isa = PBXGroup;
			children = (
				16AA3E4E184CCB0600740CFC /* GKBabyRepo.h */,
				16AA3E4F184CCB0600740CFC /* GKBabyRepo.m */,
			);
			name = DataAccess;
			sourceTree = "<group>";
		};
/* End PBXGroup section */

/* Begin PBXNativeTarget section */
		1663274C184CC55900048D7E /* GentleKare */ = {
			isa = PBXNativeTarget;
			buildConfigurationList = 16632779184CC55A00048D7E /* Build configuration list for PBXNativeTarget "GentleKare" */;
			buildPhases = (
				16632749184CC55900048D7E /* Sources */,
				1663274A184CC55900048D7E /* Frameworks */,
				1663274B184CC55900048D7E /* Resources */,
			);
			buildRules = (
			);
			dependencies = (
			);
			name = GentleKare;
			productName = GentleKare;
			productReference = 1663274D184CC55900048D7E /* GentleKare.app */;
			productType = "com.apple.product-type.application";
		};
		16632767184CC55A00048D7E /* GentleKareTests */ = {
			isa = PBXNativeTarget;
			buildConfigurationList = 1663277C184CC55A00048D7E /* Build configuration list for PBXNativeTarget "GentleKareTests" */;
			buildPhases = (
				16632764184CC55A00048D7E /* Sources */,
				16632765184CC55A00048D7E /* Frameworks */,
				16632766184CC55A00048D7E /* Resources */,
			);
			buildRules = (
			);
			dependencies = (
				1663276E184CC55A00048D7E /* PBXTargetDependency */,
			);
			name = GentleKareTests;
			productName = GentleKareTests;
			productReference = 16632768184CC55A00048D7E /* GentleKareTests.xctest */;
			productType = "com.apple.product-type.bundle.unit-test";
		};
/* End PBXNativeTarget section */

/* Begin PBXProject section */
		16632745184CC55900048D7E /* Project object */ = {
			isa = PBXProject;
			attributes = {
				CLASSPREFIX = GK;
				LastUpgradeCheck = 0500;
				ORGANIZATIONNAME = "薛洪";
				TargetAttributes = {
					1663274C184CC55900048D7E = {
						DevelopmentTeam = NHLC67DQS9;
					};
					16632767184CC55A00048D7E = {
						TestTargetID = 1663274C184CC55900048D7E;
					};
				};
			};
			buildConfigurationList = 16632748184CC55900048D7E /* Build configuration list for PBXProject "GentleKare" */;
			compatibilityVersion = "Xcode 3.2";
			developmentRegion = English;
			hasScannedForEncodings = 0;
			knownRegions = (
				en,
			);
			mainGroup = 16632744184CC55900048D7E;
			productRefGroup = 1663274E184CC55900048D7E /* Products */;
			projectDirPath = "";
			projectRoot = "";
			targets = (
				1663274C184CC55900048D7E /* GentleKare */,
				16632767184CC55A00048D7E /* GentleKareTests */,
			);
		};
/* End PBXProject section */

/* Begin PBXResourcesBuildPhase section */
		1663274B184CC55900048D7E /* Resources */ = {
			isa = PBXResourcesBuildPhase;
			buildActionMask = 2147483647;
			files = (
				1678734F184E37FD00967E7D /* history.png in Resources */,
				1678734B184E33A300967E7D /* poo.png in Resources */,
				16632795184CC7D600048D7E /* MainStoryboard.storyboard in Resources */,
				16787349184E31C700967E7D /* sleep.png in Resources */,
				16787347184E300D00967E7D /* play.png in Resources */,
				1678734D184E379E00967E7D /* home.png in Resources */,
				1663275B184CC55A00048D7E /* InfoPlist.strings in Resources */,
				16632763184CC55A00048D7E /* Images.xcassets in Resources */,
				16787346184E300D00967E7D /* bottle.png in Resources */,
			);
			runOnlyForDeploymentPostprocessing = 0;
		};
		16632766184CC55A00048D7E /* Resources */ = {
			isa = PBXResourcesBuildPhase;
			buildActionMask = 2147483647;
			files = (
				16632774184CC55A00048D7E /* InfoPlist.strings in Resources */,
			);
			runOnlyForDeploymentPostprocessing = 0;
		};
/* End PBXResourcesBuildPhase section */

/* Begin PBXSourcesBuildPhase section */
		16632749184CC55900048D7E /* Sources */ = {
			isa = PBXSourcesBuildPhase;
			buildActionMask = 2147483647;
			files = (
				1663278D184CC71000048D7E /* GKOverallViewController.m in Sources */,
				16632761184CC55A00048D7E /* GKAppDelegate.m in Sources */,
				1663278C184CC71000048D7E /* GKActionStartViewController.m in Sources */,
				161E9B03184CCCBE008314CD /* GentleKare.xcdatamodeld in Sources */,
				1663275D184CC55A00048D7E /* main.m in Sources */,
				16AA3E50184CCB0600740CFC /* GKBabyRepo.m in Sources */,
				16EE013E184CDA1C00923E59 /* GKActionEndViewController.m in Sources */,
				16EE0147184CDB8500923E59 /* GKBaby.m in Sources */,
				1678733E184DFBF500967E7D /* GKHistoryViewController.m in Sources */,
				16632791184CC72700048D7E /* GKBabySitter.m in Sources */,
				16787342184DFF4800967E7D /* GKUtil.m in Sources */,
				16EE0144184CDB8500923E59 /* GKAction.m in Sources */,
			);
			runOnlyForDeploymentPostprocessing = 0;
		};
		16632764184CC55A00048D7E /* Sources */ = {
			isa = PBXSourcesBuildPhase;
			buildActionMask = 2147483647;
			files = (
				16632776184CC55A00048D7E /* GentleKareTests.m in Sources */,
			);
			runOnlyForDeploymentPostprocessing = 0;
		};
/* End PBXSourcesBuildPhase section */

/* Begin PBXTargetDependency section */
		1663276E184CC55A00048D7E /* PBXTargetDependency */ = {
			isa = PBXTargetDependency;
			target = 1663274C184CC55900048D7E /* GentleKare */;
			targetProxy = 1663276D184CC55A00048D7E /* PBXContainerItemProxy */;
		};
/* End PBXTargetDependency section */

/* Begin PBXVariantGroup section */
		16632759184CC55A00048D7E /* InfoPlist.strings */ = {
			isa = PBXVariantGroup;
			children = (
				1663275A184CC55A00048D7E /* en */,
			);
			name = InfoPlist.strings;
			sourceTree = "<group>";
		};
		16632772184CC55A00048D7E /* InfoPlist.strings */ = {
			isa = PBXVariantGroup;
			children = (
				16632773184CC55A00048D7E /* en */,
			);
			name = InfoPlist.strings;
			sourceTree = "<group>";
		};
/* End PBXVariantGroup section */

/* Begin XCBuildConfiguration section */
		16632777184CC55A00048D7E /* Debug */ = {
			isa = XCBuildConfiguration;
			buildSettings = {
				ALWAYS_SEARCH_USER_PATHS = NO;
				ARCHS = "$(ARCHS_STANDARD_INCLUDING_64_BIT)";
				CLANG_CXX_LANGUAGE_STANDARD = "gnu++0x";
				CLANG_CXX_LIBRARY = "libc++";
				CLANG_ENABLE_MODULES = YES;
				CLANG_ENABLE_OBJC_ARC = YES;
				CLANG_WARN_BOOL_CONVERSION = YES;
				CLANG_WARN_CONSTANT_CONVERSION = YES;
				CLANG_WARN_DIRECT_OBJC_ISA_USAGE = YES_ERROR;
				CLANG_WARN_EMPTY_BODY = YES;
				CLANG_WARN_ENUM_CONVERSION = YES;
				CLANG_WARN_INT_CONVERSION = YES;
				CLANG_WARN_OBJC_ROOT_CLASS = YES_ERROR;
				CLANG_WARN__DUPLICATE_METHOD_MATCH = YES;
				"CODE_SIGN_IDENTITY[sdk=iphoneos*]" = "iPhone Developer";
				COPY_PHASE_STRIP = NO;
				GCC_C_LANGUAGE_STANDARD = gnu99;
				GCC_DYNAMIC_NO_PIC = NO;
				GCC_OPTIMIZATION_LEVEL = 0;
				GCC_PREPROCESSOR_DEFINITIONS = (
					"DEBUG=1",
					"$(inherited)",
				);
				GCC_SYMBOLS_PRIVATE_EXTERN = NO;
				GCC_WARN_64_TO_32_BIT_CONVERSION = YES;
				GCC_WARN_ABOUT_RETURN_TYPE = YES_ERROR;
				GCC_WARN_UNDECLARED_SELECTOR = YES;
				GCC_WARN_UNINITIALIZED_AUTOS = YES;
				GCC_WARN_UNUSED_FUNCTION = YES;
				GCC_WARN_UNUSED_VARIABLE = YES;
				IPHONEOS_DEPLOYMENT_TARGET = 7.0;
				ONLY_ACTIVE_ARCH = YES;
				SDKROOT = iphoneos;
			};
			name = Debug;
		};
		16632778184CC55A00048D7E /* Release */ = {
			isa = XCBuildConfiguration;
			buildSettings = {
				ALWAYS_SEARCH_USER_PATHS = NO;
				ARCHS = "$(ARCHS_STANDARD_INCLUDING_64_BIT)";
				CLANG_CXX_LANGUAGE_STANDARD = "gnu++0x";
				CLANG_CXX_LIBRARY = "libc++";
				CLANG_ENABLE_MODULES = YES;
				CLANG_ENABLE_OBJC_ARC = YES;
				CLANG_WARN_BOOL_CONVERSION = YES;
				CLANG_WARN_CONSTANT_CONVERSION = YES;
				CLANG_WARN_DIRECT_OBJC_ISA_USAGE = YES_ERROR;
				CLANG_WARN_EMPTY_BODY = YES;
				CLANG_WARN_ENUM_CONVERSION = YES;
				CLANG_WARN_INT_CONVERSION = YES;
				CLANG_WARN_OBJC_ROOT_CLASS = YES_ERROR;
				CLANG_WARN__DUPLICATE_METHOD_MATCH = YES;
				"CODE_SIGN_IDENTITY[sdk=iphoneos*]" = "iPhone Developer";
				COPY_PHASE_STRIP = YES;
				ENABLE_NS_ASSERTIONS = NO;
				GCC_C_LANGUAGE_STANDARD = gnu99;
				GCC_WARN_64_TO_32_BIT_CONVERSION = YES;
				GCC_WARN_ABOUT_RETURN_TYPE = YES_ERROR;
				GCC_WARN_UNDECLARED_SELECTOR = YES;
				GCC_WARN_UNINITIALIZED_AUTOS = YES;
				GCC_WARN_UNUSED_FUNCTION = YES;
				GCC_WARN_UNUSED_VARIABLE = YES;
				IPHONEOS_DEPLOYMENT_TARGET = 7.0;
				SDKROOT = iphoneos;
				VALIDATE_PRODUCT = YES;
			};
			name = Release;
		};
		1663277A184CC55A00048D7E /* Debug */ = {
			isa = XCBuildConfiguration;
			buildSettings = {
				ASSETCATALOG_COMPILER_APPICON_NAME = AppIcon;
				ASSETCATALOG_COMPILER_LAUNCHIMAGE_NAME = LaunchImage;
				CODE_SIGN_IDENTITY = "iPhone Developer: Hong Xue (TSJN8XXTN9)";
				GCC_PRECOMPILE_PREFIX_HEADER = YES;
				GCC_PREFIX_HEADER = "GentleKare/GentleKare-Prefix.pch";
				INFOPLIST_FILE = "GentleKare/GentleKare-Info.plist";
				IPHONEOS_DEPLOYMENT_TARGET = 7.0;
				PRODUCT_NAME = "$(TARGET_NAME)";
				PROVISIONING_PROFILE = "EEBD210D-E739-47EF-93B9-5668D8DF85F4";
				WRAPPER_EXTENSION = app;
			};
			name = Debug;
		};
		1663277B184CC55A00048D7E /* Release */ = {
			isa = XCBuildConfiguration;
			buildSettings = {
				ASSETCATALOG_COMPILER_APPICON_NAME = AppIcon;
				ASSETCATALOG_COMPILER_LAUNCHIMAGE_NAME = LaunchImage;
				CODE_SIGN_IDENTITY = "iPhone Distribution: Hong Xue (NHLC67DQS9)";
				GCC_PRECOMPILE_PREFIX_HEADER = YES;
				GCC_PREFIX_HEADER = "GentleKare/GentleKare-Prefix.pch";
				INFOPLIST_FILE = "GentleKare/GentleKare-Info.plist";
				IPHONEOS_DEPLOYMENT_TARGET = 7.0;
				PRODUCT_NAME = "$(TARGET_NAME)";
				PROVISIONING_PROFILE = "54643516-8C5D-43DC-84FF-6AE70FB16648";
				WRAPPER_EXTENSION = app;
			};
			name = Release;
		};
		1663277D184CC55A00048D7E /* Debug */ = {
			isa = XCBuildConfiguration;
			buildSettings = {
				ARCHS = "$(ARCHS_STANDARD_INCLUDING_64_BIT)";
				BUNDLE_LOADER = "$(BUILT_PRODUCTS_DIR)/GentleKare.app/GentleKare";
				FRAMEWORK_SEARCH_PATHS = (
					"$(SDKROOT)/Developer/Library/Frameworks",
					"$(inherited)",
					"$(DEVELOPER_FRAMEWORKS_DIR)",
				);
				GCC_PRECOMPILE_PREFIX_HEADER = YES;
				GCC_PREFIX_HEADER = "GentleKare/GentleKare-Prefix.pch";
				GCC_PREPROCESSOR_DEFINITIONS = (
					"DEBUG=1",
					"$(inherited)",
				);
				INFOPLIST_FILE = "GentleKareTests/GentleKareTests-Info.plist";
				PRODUCT_NAME = "$(TARGET_NAME)";
				TEST_HOST = "$(BUNDLE_LOADER)";
				WRAPPER_EXTENSION = xctest;
			};
			name = Debug;
		};
		1663277E184CC55A00048D7E /* Release */ = {
			isa = XCBuildConfiguration;
			buildSettings = {
				ARCHS = "$(ARCHS_STANDARD_INCLUDING_64_BIT)";
				BUNDLE_LOADER = "$(BUILT_PRODUCTS_DIR)/GentleKare.app/GentleKare";
				FRAMEWORK_SEARCH_PATHS = (
					"$(SDKROOT)/Developer/Library/Frameworks",
					"$(inherited)",
					"$(DEVELOPER_FRAMEWORKS_DIR)",
				);
				GCC_PRECOMPILE_PREFIX_HEADER = YES;
				GCC_PREFIX_HEADER = "GentleKare/GentleKare-Prefix.pch";
				INFOPLIST_FILE = "GentleKareTests/GentleKareTests-Info.plist";
				PRODUCT_NAME = "$(TARGET_NAME)";
				TEST_HOST = "$(BUNDLE_LOADER)";
				WRAPPER_EXTENSION = xctest;
			};
			name = Release;
		};
/* End XCBuildConfiguration section */

/* Begin XCConfigurationList section */
		16632748184CC55900048D7E /* Build configuration list for PBXProject "GentleKare" */ = {
			isa = XCConfigurationList;
			buildConfigurations = (
				16632777184CC55A00048D7E /* Debug */,
				16632778184CC55A00048D7E /* Release */,
			);
			defaultConfigurationIsVisible = 0;
			defaultConfigurationName = Release;
		};
		16632779184CC55A00048D7E /* Build configuration list for PBXNativeTarget "GentleKare" */ = {
			isa = XCConfigurationList;
			buildConfigurations = (
				1663277A184CC55A00048D7E /* Debug */,
				1663277B184CC55A00048D7E /* Release */,
			);
			defaultConfigurationIsVisible = 0;
			defaultConfigurationName = Release;
		};
		1663277C184CC55A00048D7E /* Build configuration list for PBXNativeTarget "GentleKareTests" */ = {
			isa = XCConfigurationList;
			buildConfigurations = (
				1663277D184CC55A00048D7E /* Debug */,
				1663277E184CC55A00048D7E /* Release */,
			);
			defaultConfigurationIsVisible = 0;
			defaultConfigurationName = Release;
		};
/* End XCConfigurationList section */

/* Begin XCVersionGroup section */
		161E9B01184CCCBE008314CD /* GentleKare.xcdatamodeld */ = {
			isa = XCVersionGroup;
			children = (
				161E9B02184CCCBE008314CD /* GentleKare.xcdatamodel */,
			);
			currentVersion = 161E9B02184CCCBE008314CD /* GentleKare.xcdatamodel */;
			path = GentleKare.xcdatamodeld;
			sourceTree = "<group>";
			versionGroupType = wrapper.xcdatamodel;
		};
/* End XCVersionGroup section */
	};
	rootObject = 16632745184CC55900048D7E /* Project object */;
}
