// !$*UTF8*$!
{
	archiveVersion = 1;
	classes = {
	};
	objectVersion = 46;
	objects = {

/* Begin PBXBuildFile section */
		16438500184B8003002D345F /* GKOverallViewController.m in Sources */ = {isa = PBXBuildFile; fileRef = 164384FF184B8003002D345F /* GKOverallViewController.m */; };
		16438503184B8485002D345F /* GKActionStartViewController.m in Sources */ = {isa = PBXBuildFile; fileRef = 16438502184B8485002D345F /* GKActionStartViewController.m */; };
		165CBBD1184B895E0019DAF2 /* GKBabySitter.m in Sources */ = {isa = PBXBuildFile; fileRef = 165CBBD0184B895E0019DAF2 /* GKBabySitter.m */; };
		165CBBE0184B8F290019DAF2 /* GKAction.m in Sources */ = {isa = PBXBuildFile; fileRef = 165CBBDF184B8F290019DAF2 /* GKAction.m */; };
		165CBBE3184B8F2A0019DAF2 /* GKBaby.m in Sources */ = {isa = PBXBuildFile; fileRef = 165CBBE2184B8F2A0019DAF2 /* GKBaby.m */; };
		16F38008184B711800DAD2F5 /* Foundation.framework in Frameworks */ = {isa = PBXBuildFile; fileRef = 16F38007184B711800DAD2F5 /* Foundation.framework */; };
		16F3800A184B711800DAD2F5 /* CoreGraphics.framework in Frameworks */ = {isa = PBXBuildFile; fileRef = 16F38009184B711800DAD2F5 /* CoreGraphics.framework */; };
		16F3800C184B711800DAD2F5 /* UIKit.framework in Frameworks */ = {isa = PBXBuildFile; fileRef = 16F3800B184B711800DAD2F5 /* UIKit.framework */; };
		16F3800E184B711800DAD2F5 /* CoreData.framework in Frameworks */ = {isa = PBXBuildFile; fileRef = 16F3800D184B711800DAD2F5 /* CoreData.framework */; };
		16F38014184B711800DAD2F5 /* InfoPlist.strings in Resources */ = {isa = PBXBuildFile; fileRef = 16F38012184B711800DAD2F5 /* InfoPlist.strings */; };
		16F38016184B711800DAD2F5 /* main.m in Sources */ = {isa = PBXBuildFile; fileRef = 16F38015184B711800DAD2F5 /* main.m */; };
		16F3801A184B711800DAD2F5 /* GKAppDelegate.m in Sources */ = {isa = PBXBuildFile; fileRef = 16F38019184B711800DAD2F5 /* GKAppDelegate.m */; };
		16F3801D184B711800DAD2F5 /* GeneralKare.xcdatamodeld in Sources */ = {isa = PBXBuildFile; fileRef = 16F3801B184B711800DAD2F5 /* GeneralKare.xcdatamodeld */; };
		16F3801F184B711800DAD2F5 /* Images.xcassets in Resources */ = {isa = PBXBuildFile; fileRef = 16F3801E184B711800DAD2F5 /* Images.xcassets */; };
		16F38026184B711800DAD2F5 /* XCTest.framework in Frameworks */ = {isa = PBXBuildFile; fileRef = 16F38025184B711800DAD2F5 /* XCTest.framework */; };
		16F38027184B711800DAD2F5 /* Foundation.framework in Frameworks */ = {isa = PBXBuildFile; fileRef = 16F38007184B711800DAD2F5 /* Foundation.framework */; };
		16F38028184B711800DAD2F5 /* UIKit.framework in Frameworks */ = {isa = PBXBuildFile; fileRef = 16F3800B184B711800DAD2F5 /* UIKit.framework */; };
		16F38029184B711800DAD2F5 /* CoreData.framework in Frameworks */ = {isa = PBXBuildFile; fileRef = 16F3800D184B711800DAD2F5 /* CoreData.framework */; };
		16F38031184B711800DAD2F5 /* InfoPlist.strings in Resources */ = {isa = PBXBuildFile; fileRef = 16F3802F184B711800DAD2F5 /* InfoPlist.strings */; };
		16F38033184B711800DAD2F5 /* GeneralKareTests.m in Sources */ = {isa = PBXBuildFile; fileRef = 16F38032184B711800DAD2F5 /* GeneralKareTests.m */; };
		16F3803E184B71B600DAD2F5 /* MainStoryboard.storyboard in Resources */ = {isa = PBXBuildFile; fileRef = 16F3803D184B71B600DAD2F5 /* MainStoryboard.storyboard */; };
/* End PBXBuildFile section */

/* Begin PBXContainerItemProxy section */
		16F3802A184B711800DAD2F5 /* PBXContainerItemProxy */ = {
			isa = PBXContainerItemProxy;
			containerPortal = 16F37FFC184B711800DAD2F5 /* Project object */;
			proxyType = 1;
			remoteGlobalIDString = 16F38003184B711800DAD2F5;
			remoteInfo = GeneralKare;
		};
/* End PBXContainerItemProxy section */

/* Begin PBXFileReference section */
		164384FE184B8003002D345F /* GKOverallViewController.h */ = {isa = PBXFileReference; fileEncoding = 4; lastKnownFileType = sourcecode.c.h; path = GKOverallViewController.h; sourceTree = "<group>"; };
		164384FF184B8003002D345F /* GKOverallViewController.m */ = {isa = PBXFileReference; fileEncoding = 4; lastKnownFileType = sourcecode.c.objc; path = GKOverallViewController.m; sourceTree = "<group>"; };
		16438501184B8485002D345F /* GKActionStartViewController.h */ = {isa = PBXFileReference; fileEncoding = 4; lastKnownFileType = sourcecode.c.h; path = GKActionStartViewController.h; sourceTree = "<group>"; };
		16438502184B8485002D345F /* GKActionStartViewController.m */ = {isa = PBXFileReference; fileEncoding = 4; lastKnownFileType = sourcecode.c.objc; path = GKActionStartViewController.m; sourceTree = "<group>"; };
		16438505184B8555002D345F /* GKType.h */ = {isa = PBXFileReference; fileEncoding = 4; lastKnownFileType = sourcecode.c.h; path = GKType.h; sourceTree = "<group>"; };
		165CBBCF184B895E0019DAF2 /* GKBabySitter.h */ = {isa = PBXFileReference; fileEncoding = 4; lastKnownFileType = sourcecode.c.h; path = GKBabySitter.h; sourceTree = "<group>"; };
		165CBBD0184B895E0019DAF2 /* GKBabySitter.m */ = {isa = PBXFileReference; fileEncoding = 4; lastKnownFileType = sourcecode.c.objc; path = GKBabySitter.m; sourceTree = "<group>"; };
		165CBBDE184B8F290019DAF2 /* GKAction.h */ = {isa = PBXFileReference; fileEncoding = 4; lastKnownFileType = sourcecode.c.h; path = GKAction.h; sourceTree = "<group>"; };
		165CBBDF184B8F290019DAF2 /* GKAction.m */ = {isa = PBXFileReference; fileEncoding = 4; lastKnownFileType = sourcecode.c.objc; path = GKAction.m; sourceTree = "<group>"; };
		165CBBE1184B8F2A0019DAF2 /* GKBaby.h */ = {isa = PBXFileReference; fileEncoding = 4; lastKnownFileType = sourcecode.c.h; path = GKBaby.h; sourceTree = "<group>"; };
		165CBBE2184B8F2A0019DAF2 /* GKBaby.m */ = {isa = PBXFileReference; fileEncoding = 4; lastKnownFileType = sourcecode.c.objc; path = GKBaby.m; sourceTree = "<group>"; };
		16F38004184B711800DAD2F5 /* GeneralKare.app */ = {isa = PBXFileReference; explicitFileType = wrapper.application; includeInIndex = 0; path = GeneralKare.app; sourceTree = BUILT_PRODUCTS_DIR; };
		16F38007184B711800DAD2F5 /* Foundation.framework */ = {isa = PBXFileReference; lastKnownFileType = wrapper.framework; name = Foundation.framework; path = System/Library/Frameworks/Foundation.framework; sourceTree = SDKROOT; };
		16F38009184B711800DAD2F5 /* CoreGraphics.framework */ = {isa = PBXFileReference; lastKnownFileType = wrapper.framework; name = CoreGraphics.framework; path = System/Library/Frameworks/CoreGraphics.framework; sourceTree = SDKROOT; };
		16F3800B184B711800DAD2F5 /* UIKit.framework */ = {isa = PBXFileReference; lastKnownFileType = wrapper.framework; name = UIKit.framework; path = System/Library/Frameworks/UIKit.framework; sourceTree = SDKROOT; };
		16F3800D184B711800DAD2F5 /* CoreData.framework */ = {isa = PBXFileReference; lastKnownFileType = wrapper.framework; name = CoreData.framework; path = System/Library/Frameworks/CoreData.framework; sourceTree = SDKROOT; };
		16F38011184B711800DAD2F5 /* GeneralKare-Info.plist */ = {isa = PBXFileReference; lastKnownFileType = text.plist.xml; path = "GeneralKare-Info.plist"; sourceTree = "<group>"; };
		16F38013184B711800DAD2F5 /* en */ = {isa = PBXFileReference; lastKnownFileType = text.plist.strings; name = en; path = en.lproj/InfoPlist.strings; sourceTree = "<group>"; };
		16F38015184B711800DAD2F5 /* main.m */ = {isa = PBXFileReference; lastKnownFileType = sourcecode.c.objc; path = main.m; sourceTree = "<group>"; };
		16F38017184B711800DAD2F5 /* GeneralKare-Prefix.pch */ = {isa = PBXFileReference; lastKnownFileType = sourcecode.c.h; path = "GeneralKare-Prefix.pch"; sourceTree = "<group>"; };
		16F38018184B711800DAD2F5 /* GKAppDelegate.h */ = {isa = PBXFileReference; lastKnownFileType = sourcecode.c.h; path = GKAppDelegate.h; sourceTree = "<group>"; };
		16F38019184B711800DAD2F5 /* GKAppDelegate.m */ = {isa = PBXFileReference; lastKnownFileType = sourcecode.c.objc; path = GKAppDelegate.m; sourceTree = "<group>"; };
		16F3801C184B711800DAD2F5 /* GeneralKare.xcdatamodel */ = {isa = PBXFileReference; lastKnownFileType = wrapper.xcdatamodel; path = GeneralKare.xcdatamodel; sourceTree = "<group>"; };
		16F3801E184B711800DAD2F5 /* Images.xcassets */ = {isa = PBXFileReference; lastKnownFileType = folder.assetcatalog; path = Images.xcassets; sourceTree = "<group>"; };
		16F38024184B711800DAD2F5 /* GeneralKareTests.xctest */ = {isa = PBXFileReference; explicitFileType = wrapper.cfbundle; includeInIndex = 0; path = GeneralKareTests.xctest; sourceTree = BUILT_PRODUCTS_DIR; };
		16F38025184B711800DAD2F5 /* XCTest.framework */ = {isa = PBXFileReference; lastKnownFileType = wrapper.framework; name = XCTest.framework; path = Library/Frameworks/XCTest.framework; sourceTree = DEVELOPER_DIR; };
		16F3802E184B711800DAD2F5 /* GeneralKareTests-Info.plist */ = {isa = PBXFileReference; lastKnownFileType = text.plist.xml; path = "GeneralKareTests-Info.plist"; sourceTree = "<group>"; };
		16F38030184B711800DAD2F5 /* en */ = {isa = PBXFileReference; lastKnownFileType = text.plist.strings; name = en; path = en.lproj/InfoPlist.strings; sourceTree = "<group>"; };
		16F38032184B711800DAD2F5 /* GeneralKareTests.m */ = {isa = PBXFileReference; lastKnownFileType = sourcecode.c.objc; path = GeneralKareTests.m; sourceTree = "<group>"; };
		16F3803D184B71B600DAD2F5 /* MainStoryboard.storyboard */ = {isa = PBXFileReference; fileEncoding = 4; lastKnownFileType = file.storyboard; path = MainStoryboard.storyboard; sourceTree = "<group>"; };
/* End PBXFileReference section */

/* Begin PBXFrameworksBuildPhase section */
		16F38001184B711800DAD2F5 /* Frameworks */ = {
			isa = PBXFrameworksBuildPhase;
			buildActionMask = 2147483647;
			files = (
				16F3800A184B711800DAD2F5 /* CoreGraphics.framework in Frameworks */,
				16F3800E184B711800DAD2F5 /* CoreData.framework in Frameworks */,
				16F3800C184B711800DAD2F5 /* UIKit.framework in Frameworks */,
				16F38008184B711800DAD2F5 /* Foundation.framework in Frameworks */,
			);
			runOnlyForDeploymentPostprocessing = 0;
		};
		16F38021184B711800DAD2F5 /* Frameworks */ = {
			isa = PBXFrameworksBuildPhase;
			buildActionMask = 2147483647;
			files = (
				16F38026184B711800DAD2F5 /* XCTest.framework in Frameworks */,
				16F38029184B711800DAD2F5 /* CoreData.framework in Frameworks */,
				16F38028184B711800DAD2F5 /* UIKit.framework in Frameworks */,
				16F38027184B711800DAD2F5 /* Foundation.framework in Frameworks */,
			);
			runOnlyForDeploymentPostprocessing = 0;
		};
/* End PBXFrameworksBuildPhase section */

/* Begin PBXGroup section */
		16438504184B8514002D345F /* Model */ = {
			isa = PBXGroup;
			children = (
				16F3801B184B711800DAD2F5 /* GeneralKare.xcdatamodeld */,
				165CBBE1184B8F2A0019DAF2 /* GKBaby.h */,
				165CBBE2184B8F2A0019DAF2 /* GKBaby.m */,
				165CBBDE184B8F290019DAF2 /* GKAction.h */,
				165CBBDF184B8F290019DAF2 /* GKAction.m */,
				16438505184B8555002D345F /* GKType.h */,
			);
			name = Model;
			sourceTree = "<group>";
		};
		165CBBCE184B894F0019DAF2 /* Serivce */ = {
			isa = PBXGroup;
			children = (
				165CBBCF184B895E0019DAF2 /* GKBabySitter.h */,
				165CBBD0184B895E0019DAF2 /* GKBabySitter.m */,
			);
			name = Serivce;
			sourceTree = "<group>";
		};
		16F37FFB184B711800DAD2F5 = {
			isa = PBXGroup;
			children = (
				16F3800F184B711800DAD2F5 /* GeneralKare */,
				16F3802C184B711800DAD2F5 /* GeneralKareTests */,
				16F38006184B711800DAD2F5 /* Frameworks */,
				16F38005184B711800DAD2F5 /* Products */,
			);
			sourceTree = "<group>";
		};
		16F38005184B711800DAD2F5 /* Products */ = {
			isa = PBXGroup;
			children = (
				16F38004184B711800DAD2F5 /* GeneralKare.app */,
				16F38024184B711800DAD2F5 /* GeneralKareTests.xctest */,
			);
			name = Products;
			sourceTree = "<group>";
		};
		16F38006184B711800DAD2F5 /* Frameworks */ = {
			isa = PBXGroup;
			children = (
				16F38007184B711800DAD2F5 /* Foundation.framework */,
				16F38009184B711800DAD2F5 /* CoreGraphics.framework */,
				16F3800B184B711800DAD2F5 /* UIKit.framework */,
				16F3800D184B711800DAD2F5 /* CoreData.framework */,
				16F38025184B711800DAD2F5 /* XCTest.framework */,
			);
			name = Frameworks;
			sourceTree = "<group>";
		};
		16F3800F184B711800DAD2F5 /* GeneralKare */ = {
			isa = PBXGroup;
			children = (
				165CBBCE184B894F0019DAF2 /* Serivce */,
				16438504184B8514002D345F /* Model */,
				16F3803C184B718900DAD2F5 /* UI */,
				16F38018184B711800DAD2F5 /* GKAppDelegate.h */,
				16F38019184B711800DAD2F5 /* GKAppDelegate.m */,
				16F3801E184B711800DAD2F5 /* Images.xcassets */,
				16F38010184B711800DAD2F5 /* Supporting Files */,
			);
			path = GeneralKare;
			sourceTree = "<group>";
		};
		16F38010184B711800DAD2F5 /* Supporting Files */ = {
			isa = PBXGroup;
			children = (
				16F38011184B711800DAD2F5 /* GeneralKare-Info.plist */,
				16F38012184B711800DAD2F5 /* InfoPlist.strings */,
				16F38015184B711800DAD2F5 /* main.m */,
				16F38017184B711800DAD2F5 /* GeneralKare-Prefix.pch */,
			);
			name = "Supporting Files";
			sourceTree = "<group>";
		};
		16F3802C184B711800DAD2F5 /* GeneralKareTests */ = {
			isa = PBXGroup;
			children = (
				16F38032184B711800DAD2F5 /* GeneralKareTests.m */,
				16F3802D184B711800DAD2F5 /* Supporting Files */,
			);
			path = GeneralKareTests;
			sourceTree = "<group>";
		};
		16F3802D184B711800DAD2F5 /* Supporting Files */ = {
			isa = PBXGroup;
			children = (
				16F3802E184B711800DAD2F5 /* GeneralKareTests-Info.plist */,
				16F3802F184B711800DAD2F5 /* InfoPlist.strings */,
			);
			name = "Supporting Files";
			sourceTree = "<group>";
		};
		16F3803C184B718900DAD2F5 /* UI */ = {
			isa = PBXGroup;
			children = (
				16F3803D184B71B600DAD2F5 /* MainStoryboard.storyboard */,
				164384FE184B8003002D345F /* GKOverallViewController.h */,
				164384FF184B8003002D345F /* GKOverallViewController.m */,
				16438501184B8485002D345F /* GKActionStartViewController.h */,
				16438502184B8485002D345F /* GKActionStartViewController.m */,
			);
			name = UI;
			sourceTree = "<group>";
		};
/* End PBXGroup section */

/* Begin PBXNativeTarget section */
		16F38003184B711800DAD2F5 /* GeneralKare */ = {
			isa = PBXNativeTarget;
			buildConfigurationList = 16F38036184B711800DAD2F5 /* Build configuration list for PBXNativeTarget "GeneralKare" */;
			buildPhases = (
				16F38000184B711800DAD2F5 /* Sources */,
				16F38001184B711800DAD2F5 /* Frameworks */,
				16F38002184B711800DAD2F5 /* Resources */,
			);
			buildRules = (
			);
			dependencies = (
			);
			name = GeneralKare;
			productName = GeneralKare;
			productReference = 16F38004184B711800DAD2F5 /* GeneralKare.app */;
			productType = "com.apple.product-type.application";
		};
		16F38023184B711800DAD2F5 /* GeneralKareTests */ = {
			isa = PBXNativeTarget;
			buildConfigurationList = 16F38039184B711800DAD2F5 /* Build configuration list for PBXNativeTarget "GeneralKareTests" */;
			buildPhases = (
				16F38020184B711800DAD2F5 /* Sources */,
				16F38021184B711800DAD2F5 /* Frameworks */,
				16F38022184B711800DAD2F5 /* Resources */,
			);
			buildRules = (
			);
			dependencies = (
				16F3802B184B711800DAD2F5 /* PBXTargetDependency */,
			);
			name = GeneralKareTests;
			productName = GeneralKareTests;
			productReference = 16F38024184B711800DAD2F5 /* GeneralKareTests.xctest */;
			productType = "com.apple.product-type.bundle.unit-test";
		};
/* End PBXNativeTarget section */

/* Begin PBXProject section */
		16F37FFC184B711800DAD2F5 /* Project object */ = {
			isa = PBXProject;
			attributes = {
				CLASSPREFIX = GK;
				LastUpgradeCheck = 0500;
				ORGANIZATIONNAME = "薛洪";
				TargetAttributes = {
					16F38003184B711800DAD2F5 = {
						DevelopmentTeam = NHLC67DQS9;
					};
					16F38023184B711800DAD2F5 = {
						TestTargetID = 16F38003184B711800DAD2F5;
					};
				};
			};
			buildConfigurationList = 16F37FFF184B711800DAD2F5 /* Build configuration list for PBXProject "GeneralKare" */;
			compatibilityVersion = "Xcode 3.2";
			developmentRegion = English;
			hasScannedForEncodings = 0;
			knownRegions = (
				en,
			);
			mainGroup = 16F37FFB184B711800DAD2F5;
			productRefGroup = 16F38005184B711800DAD2F5 /* Products */;
			projectDirPath = "";
			projectRoot = "";
			targets = (
				16F38003184B711800DAD2F5 /* GeneralKare */,
				16F38023184B711800DAD2F5 /* GeneralKareTests */,
			);
		};
/* End PBXProject section */

/* Begin PBXResourcesBuildPhase section */
		16F38002184B711800DAD2F5 /* Resources */ = {
			isa = PBXResourcesBuildPhase;
			buildActionMask = 2147483647;
			files = (
				16F3803E184B71B600DAD2F5 /* MainStoryboard.storyboard in Resources */,
				16F38014184B711800DAD2F5 /* InfoPlist.strings in Resources */,
				16F3801F184B711800DAD2F5 /* Images.xcassets in Resources */,
			);
			runOnlyForDeploymentPostprocessing = 0;
		};
		16F38022184B711800DAD2F5 /* Resources */ = {
			isa = PBXResourcesBuildPhase;
			buildActionMask = 2147483647;
			files = (
				16F38031184B711800DAD2F5 /* InfoPlist.strings in Resources */,
			);
			runOnlyForDeploymentPostprocessing = 0;
		};
/* End PBXResourcesBuildPhase section */

/* Begin PBXSourcesBuildPhase section */
		16F38000184B711800DAD2F5 /* Sources */ = {
			isa = PBXSourcesBuildPhase;
			buildActionMask = 2147483647;
			files = (
				16F3801A184B711800DAD2F5 /* GKAppDelegate.m in Sources */,
				16438503184B8485002D345F /* GKActionStartViewController.m in Sources */,
				16F3801D184B711800DAD2F5 /* GeneralKare.xcdatamodeld in Sources */,
				165CBBE3184B8F2A0019DAF2 /* GKBaby.m in Sources */,
				16438500184B8003002D345F /* GKOverallViewController.m in Sources */,
				165CBBE0184B8F290019DAF2 /* GKAction.m in Sources */,
				165CBBD1184B895E0019DAF2 /* GKBabySitter.m in Sources */,
				16F38016184B711800DAD2F5 /* main.m in Sources */,
			);
			runOnlyForDeploymentPostprocessing = 0;
		};
		16F38020184B711800DAD2F5 /* Sources */ = {
			isa = PBXSourcesBuildPhase;
			buildActionMask = 2147483647;
			files = (
				16F38033184B711800DAD2F5 /* GeneralKareTests.m in Sources */,
			);
			runOnlyForDeploymentPostprocessing = 0;
		};
/* End PBXSourcesBuildPhase section */

/* Begin PBXTargetDependency section */
		16F3802B184B711800DAD2F5 /* PBXTargetDependency */ = {
			isa = PBXTargetDependency;
			target = 16F38003184B711800DAD2F5 /* GeneralKare */;
			targetProxy = 16F3802A184B711800DAD2F5 /* PBXContainerItemProxy */;
		};
/* End PBXTargetDependency section */

/* Begin PBXVariantGroup section */
		16F38012184B711800DAD2F5 /* InfoPlist.strings */ = {
			isa = PBXVariantGroup;
			children = (
				16F38013184B711800DAD2F5 /* en */,
			);
			name = InfoPlist.strings;
			sourceTree = "<group>";
		};
		16F3802F184B711800DAD2F5 /* InfoPlist.strings */ = {
			isa = PBXVariantGroup;
			children = (
				16F38030184B711800DAD2F5 /* en */,
			);
			name = InfoPlist.strings;
			sourceTree = "<group>";
		};
/* End PBXVariantGroup section */

/* Begin XCBuildConfiguration section */
		16F38034184B711800DAD2F5 /* Debug */ = {
			isa = XCBuildConfiguration;
			buildSettings = {
				ALWAYS_SEARCH_USER_PATHS = NO;
				ARCHS = "$(ARCHS_STANDARD_INCLUDING_64_BIT)";
				CLANG_CXX_LANGUAGE_STANDARD = "gnu++0x";
				CLANG_CXX_LIBRARY = "libc++";
				CLANG_ENABLE_MODULES = YES;
				CLANG_ENABLE_OBJC_ARC = YES;
				CLANG_WARN_BOOL_CONVERSION = YES;
				CLANG_WARN_CONSTANT_CONVERSION = YES;
				CLANG_WARN_DIRECT_OBJC_ISA_USAGE = YES_ERROR;
				CLANG_WARN_EMPTY_BODY = YES;
				CLANG_WARN_ENUM_CONVERSION = YES;
				CLANG_WARN_INT_CONVERSION = YES;
				CLANG_WARN_OBJC_ROOT_CLASS = YES_ERROR;
				CLANG_WARN__DUPLICATE_METHOD_MATCH = YES;
				"CODE_SIGN_IDENTITY[sdk=iphoneos*]" = "iPhone Developer";
				COPY_PHASE_STRIP = NO;
				GCC_C_LANGUAGE_STANDARD = gnu99;
				GCC_DYNAMIC_NO_PIC = NO;
				GCC_OPTIMIZATION_LEVEL = 0;
				GCC_PREPROCESSOR_DEFINITIONS = (
					"DEBUG=1",
					"$(inherited)",
				);
				GCC_SYMBOLS_PRIVATE_EXTERN = NO;
				GCC_WARN_64_TO_32_BIT_CONVERSION = YES;
				GCC_WARN_ABOUT_RETURN_TYPE = YES_ERROR;
				GCC_WARN_UNDECLARED_SELECTOR = YES;
				GCC_WARN_UNINITIALIZED_AUTOS = YES;
				GCC_WARN_UNUSED_FUNCTION = YES;
				GCC_WARN_UNUSED_VARIABLE = YES;
				IPHONEOS_DEPLOYMENT_TARGET = 7.0;
				ONLY_ACTIVE_ARCH = YES;
				SDKROOT = iphoneos;
			};
			name = Debug;
		};
		16F38035184B711800DAD2F5 /* Release */ = {
			isa = XCBuildConfiguration;
			buildSettings = {
				ALWAYS_SEARCH_USER_PATHS = NO;
				ARCHS = "$(ARCHS_STANDARD_INCLUDING_64_BIT)";
				CLANG_CXX_LANGUAGE_STANDARD = "gnu++0x";
				CLANG_CXX_LIBRARY = "libc++";
				CLANG_ENABLE_MODULES = YES;
				CLANG_ENABLE_OBJC_ARC = YES;
				CLANG_WARN_BOOL_CONVERSION = YES;
				CLANG_WARN_CONSTANT_CONVERSION = YES;
				CLANG_WARN_DIRECT_OBJC_ISA_USAGE = YES_ERROR;
				CLANG_WARN_EMPTY_BODY = YES;
				CLANG_WARN_ENUM_CONVERSION = YES;
				CLANG_WARN_INT_CONVERSION = YES;
				CLANG_WARN_OBJC_ROOT_CLASS = YES_ERROR;
				CLANG_WARN__DUPLICATE_METHOD_MATCH = YES;
				"CODE_SIGN_IDENTITY[sdk=iphoneos*]" = "iPhone Developer";
				COPY_PHASE_STRIP = YES;
				ENABLE_NS_ASSERTIONS = NO;
				GCC_C_LANGUAGE_STANDARD = gnu99;
				GCC_WARN_64_TO_32_BIT_CONVERSION = YES;
				GCC_WARN_ABOUT_RETURN_TYPE = YES_ERROR;
				GCC_WARN_UNDECLARED_SELECTOR = YES;
				GCC_WARN_UNINITIALIZED_AUTOS = YES;
				GCC_WARN_UNUSED_FUNCTION = YES;
				GCC_WARN_UNUSED_VARIABLE = YES;
				IPHONEOS_DEPLOYMENT_TARGET = 7.0;
				SDKROOT = iphoneos;
				VALIDATE_PRODUCT = YES;
			};
			name = Release;
		};
		16F38037184B711800DAD2F5 /* Debug */ = {
			isa = XCBuildConfiguration;
			buildSettings = {
				ASSETCATALOG_COMPILER_APPICON_NAME = AppIcon;
				ASSETCATALOG_COMPILER_LAUNCHIMAGE_NAME = LaunchImage;
				CODE_SIGN_IDENTITY = "iPhone Developer: Hong Xue (TSJN8XXTN9)";
				"CODE_SIGN_IDENTITY[sdk=iphoneos*]" = "iPhone Developer";
				GCC_PRECOMPILE_PREFIX_HEADER = YES;
				GCC_PREFIX_HEADER = "GeneralKare/GeneralKare-Prefix.pch";
				INFOPLIST_FILE = "GeneralKare/GeneralKare-Info.plist";
				IPHONEOS_DEPLOYMENT_TARGET = 7.0;
				PRODUCT_NAME = "$(TARGET_NAME)";
				PROVISIONING_PROFILE = "212DF6C0-3324-4806-ACD9-532A9E7D7CF2";
				TARGETED_DEVICE_FAMILY = 1;
				WRAPPER_EXTENSION = app;
			};
			name = Debug;
		};
		16F38038184B711800DAD2F5 /* Release */ = {
			isa = XCBuildConfiguration;
			buildSettings = {
				ASSETCATALOG_COMPILER_APPICON_NAME = AppIcon;
				ASSETCATALOG_COMPILER_LAUNCHIMAGE_NAME = LaunchImage;
				CODE_SIGN_IDENTITY = "iPhone Distribution: Hong Xue (NHLC67DQS9)";
				GCC_PRECOMPILE_PREFIX_HEADER = YES;
				GCC_PREFIX_HEADER = "GeneralKare/GeneralKare-Prefix.pch";
				INFOPLIST_FILE = "GeneralKare/GeneralKare-Info.plist";
				IPHONEOS_DEPLOYMENT_TARGET = 7.0;
				PRODUCT_NAME = "$(TARGET_NAME)";
				PROVISIONING_PROFILE = "B28EB6EB-64B3-484A-B806-412B20A6C2BD";
				TARGETED_DEVICE_FAMILY = 1;
				WRAPPER_EXTENSION = app;
			};
			name = Release;
		};
		16F3803A184B711800DAD2F5 /* Debug */ = {
			isa = XCBuildConfiguration;
			buildSettings = {
				ARCHS = "$(ARCHS_STANDARD_INCLUDING_64_BIT)";
				BUNDLE_LOADER = "$(BUILT_PRODUCTS_DIR)/GeneralKare.app/GeneralKare";
				FRAMEWORK_SEARCH_PATHS = (
					"$(SDKROOT)/Developer/Library/Frameworks",
					"$(inherited)",
					"$(DEVELOPER_FRAMEWORKS_DIR)",
				);
				GCC_PRECOMPILE_PREFIX_HEADER = YES;
				GCC_PREFIX_HEADER = "GeneralKare/GeneralKare-Prefix.pch";
				GCC_PREPROCESSOR_DEFINITIONS = (
					"DEBUG=1",
					"$(inherited)",
				);
				INFOPLIST_FILE = "GeneralKareTests/GeneralKareTests-Info.plist";
				PRODUCT_NAME = "$(TARGET_NAME)";
				TEST_HOST = "$(BUNDLE_LOADER)";
				WRAPPER_EXTENSION = xctest;
			};
			name = Debug;
		};
		16F3803B184B711800DAD2F5 /* Release */ = {
			isa = XCBuildConfiguration;
			buildSettings = {
				ARCHS = "$(ARCHS_STANDARD_INCLUDING_64_BIT)";
				BUNDLE_LOADER = "$(BUILT_PRODUCTS_DIR)/GeneralKare.app/GeneralKare";
				FRAMEWORK_SEARCH_PATHS = (
					"$(SDKROOT)/Developer/Library/Frameworks",
					"$(inherited)",
					"$(DEVELOPER_FRAMEWORKS_DIR)",
				);
				GCC_PRECOMPILE_PREFIX_HEADER = YES;
				GCC_PREFIX_HEADER = "GeneralKare/GeneralKare-Prefix.pch";
				INFOPLIST_FILE = "GeneralKareTests/GeneralKareTests-Info.plist";
				PRODUCT_NAME = "$(TARGET_NAME)";
				TEST_HOST = "$(BUNDLE_LOADER)";
				WRAPPER_EXTENSION = xctest;
			};
			name = Release;
		};
/* End XCBuildConfiguration section */

/* Begin XCConfigurationList section */
		16F37FFF184B711800DAD2F5 /* Build configuration list for PBXProject "GeneralKare" */ = {
			isa = XCConfigurationList;
			buildConfigurations = (
				16F38034184B711800DAD2F5 /* Debug */,
				16F38035184B711800DAD2F5 /* Release */,
			);
			defaultConfigurationIsVisible = 0;
			defaultConfigurationName = Release;
		};
		16F38036184B711800DAD2F5 /* Build configuration list for PBXNativeTarget "GeneralKare" */ = {
			isa = XCConfigurationList;
			buildConfigurations = (
				16F38037184B711800DAD2F5 /* Debug */,
				16F38038184B711800DAD2F5 /* Release */,
			);
			defaultConfigurationIsVisible = 0;
			defaultConfigurationName = Release;
		};
		16F38039184B711800DAD2F5 /* Build configuration list for PBXNativeTarget "GeneralKareTests" */ = {
			isa = XCConfigurationList;
			buildConfigurations = (
				16F3803A184B711800DAD2F5 /* Debug */,
				16F3803B184B711800DAD2F5 /* Release */,
			);
			defaultConfigurationIsVisible = 0;
			defaultConfigurationName = Release;
		};
/* End XCConfigurationList section */

/* Begin XCVersionGroup section */
		16F3801B184B711800DAD2F5 /* GeneralKare.xcdatamodeld */ = {
			isa = XCVersionGroup;
			children = (
				16F3801C184B711800DAD2F5 /* GeneralKare.xcdatamodel */,
			);
			currentVersion = 16F3801C184B711800DAD2F5 /* GeneralKare.xcdatamodel */;
			path = GeneralKare.xcdatamodeld;
			sourceTree = "<group>";
			versionGroupType = wrapper.xcdatamodel;
		};
/* End XCVersionGroup section */
	};
	rootObject = 16F37FFC184B711800DAD2F5 /* Project object */;
}
